github.com/realPy/hogosuru v1.4.0 h1:5ICsDcvBJffhEmq0IzIp7F8SJyYaDkFXH8S69FgSvLc=
github.com/realPy/hogosuru v1.4.0/go.mod h1:N0uMX+J8lYvWZLjKoCRpAXJMvkvAuwj9p1Qev8rC6QA=
github.com/realPy/hogosuru v1.4.1-0.20230718192547-5bd519f928f7 h1:mF/XXFMD4tlWUimptMC8JQHrZWI4P17XujAc8tPYZvM=
github.com/realPy/hogosuru v1.4.1-0.20230718192547-5bd519f928f7/go.mod h1:N0uMX+J8lYvWZLjKoCRpAXJMvkvAuwj9p1Qev8rC6QA=
github.com/realPy/hogosuru v1.4.1-0.20230719055405-c625f43ba718 h1:SN2d2WIMLM9XE+EDc5onDwZ4j9bE9hXf/lJL5XUgvE0=
github.com/realPy/hogosuru v1.4.1-0.20230719055405-c625f43ba718/go.mod h1:N0uMX+J8lYvWZLjKoCRpAXJMvkvAuwj9p1Qev8rC6QA=
github.com/realPy/hogosuru v1.4.1-0.20230726214017-53250aea18bd h1:P4NOp/zgRrKo0lKKYqqqMimR9wxUyqdZ3Ph9WkNrtho=
github.com/realPy/hogosuru v1.4.1-0.20230726214017-53250aea18bd/go.mod h1:N0uMX+J8lYvWZLjKoCRpAXJMvkvAuwj9p1Qev8rC6QA=
